// !$*UTF8*$!
{
	archiveVersion = 1;
	classes = {
	};
	objectVersion = 48;
	objects = {

/* Begin PBXBuildFile section */
		353DE7AD2AF831A91B579441 /* Pods_StockRun.framework in Frameworks */ = {isa = PBXBuildFile; fileRef = 6BF71298FB320271E51109DD /* Pods_StockRun.framework */; };
		4C13462620954EAF004E92DA /* SignUpViewController.swift in Sources */ = {isa = PBXBuildFile; fileRef = 4C13462520954EAF004E92DA /* SignUpViewController.swift */; };
		4C13462820955446004E92DA /* CellInterface.swift in Sources */ = {isa = PBXBuildFile; fileRef = 4C13462720955446004E92DA /* CellInterface.swift */; };
		4C13462E2095DBD7004E92DA /* AccountNameCell.swift in Sources */ = {isa = PBXBuildFile; fileRef = 4C13462C2095DBD7004E92DA /* AccountNameCell.swift */; };
		4C13462F2095DBD7004E92DA /* AccountNameCell.xib in Resources */ = {isa = PBXBuildFile; fileRef = 4C13462D2095DBD7004E92DA /* AccountNameCell.xib */; };
		4C1346322095F6A1004E92DA /* SRTextField.swift in Sources */ = {isa = PBXBuildFile; fileRef = 4C1346312095F6A1004E92DA /* SRTextField.swift */; };
		4C1346352096A7CD004E92DA /* Onboarding.storyboard in Resources */ = {isa = PBXBuildFile; fileRef = 4C1346342096A7CD004E92DA /* Onboarding.storyboard */; };
		4C1346372096A92C004E92DA /* OnboardingViewController.swift in Sources */ = {isa = PBXBuildFile; fileRef = 4C1346362096A92C004E92DA /* OnboardingViewController.swift */; };
		4C1DB430208C28B100055409 /* NASDAQ.swift in Sources */ = {isa = PBXBuildFile; fileRef = 4C1DB42F208C28B100055409 /* NASDAQ.swift */; };
		4C2394AF2075F114004AD4A2 /* AppDelegate.swift in Sources */ = {isa = PBXBuildFile; fileRef = 4C2394AE2075F114004AD4A2 /* AppDelegate.swift */; };
		4C2394B42075F114004AD4A2 /* Dashboard.storyboard in Resources */ = {isa = PBXBuildFile; fileRef = 4C2394B22075F114004AD4A2 /* Dashboard.storyboard */; };
		4C2394B72075F114004AD4A2 /* StockRun.xcdatamodeld in Sources */ = {isa = PBXBuildFile; fileRef = 4C2394B52075F114004AD4A2 /* StockRun.xcdatamodeld */; };
		4C2394B92075F114004AD4A2 /* Assets.xcassets in Resources */ = {isa = PBXBuildFile; fileRef = 4C2394B82075F114004AD4A2 /* Assets.xcassets */; };
		4C2394BC2075F114004AD4A2 /* LaunchScreen.storyboard in Resources */ = {isa = PBXBuildFile; fileRef = 4C2394BA2075F114004AD4A2 /* LaunchScreen.storyboard */; };
		4C2394C42075F534004AD4A2 /* Stock.swift in Sources */ = {isa = PBXBuildFile; fileRef = 4C2394C32075F534004AD4A2 /* Stock.swift */; };
		4C2394C72075F7A4004AD4A2 /* DataSource.swift in Sources */ = {isa = PBXBuildFile; fileRef = 4C2394C62075F7A4004AD4A2 /* DataSource.swift */; };
		4C2394CD207B0CEF004AD4A2 /* GoogleService-Info.plist in Resources */ = {isa = PBXBuildFile; fileRef = 4C2394CC207B0CEF004AD4A2 /* GoogleService-Info.plist */; };
		4C3364C32098A05F00C26E2E /* .swiftlint.yml in Resources */ = {isa = PBXBuildFile; fileRef = 4C3364C22098A05F00C26E2E /* .swiftlint.yml */; };
		4C672A15208C680B00C68A05 /* SRCell.swift in Sources */ = {isa = PBXBuildFile; fileRef = 4C672A13208C680B00C68A05 /* SRCell.swift */; };
		4C672A16208C680B00C68A05 /* SRCell.xib in Resources */ = {isa = PBXBuildFile; fileRef = 4C672A14208C680B00C68A05 /* SRCell.xib */; };
		4C683438208C533A00DF08F1 /* SearchViewController.swift in Sources */ = {isa = PBXBuildFile; fileRef = 4C683437208C533A00DF08F1 /* SearchViewController.swift */; };
		4C8A3A79208D9C7500EA46B8 /* MapViewController.swift in Sources */ = {isa = PBXBuildFile; fileRef = 4C8A3A78208D9C7500EA46B8 /* MapViewController.swift */; };
		4C8A3A7B208D9C9D00EA46B8 /* ProfileViewController.swift in Sources */ = {isa = PBXBuildFile; fileRef = 4C8A3A7A208D9C9D00EA46B8 /* ProfileViewController.swift */; };
		4C8A3A83208ECD7400EA46B8 /* Profile+CoreDataProperties.swift in Sources */ = {isa = PBXBuildFile; fileRef = 4C8A3A81208ECD7400EA46B8 /* Profile+CoreDataProperties.swift */; };
		4C8A3A84208ECD7400EA46B8 /* Profile+CoreDataClass.swift in Sources */ = {isa = PBXBuildFile; fileRef = 4C8A3A82208ECD7400EA46B8 /* Profile+CoreDataClass.swift */; };
		4C8A3A87208ECDA700EA46B8 /* Stocks+CoreDataClass.swift in Sources */ = {isa = PBXBuildFile; fileRef = 4C8A3A85208ECDA700EA46B8 /* Stocks+CoreDataClass.swift */; };
		4C8A3A88208ECDA700EA46B8 /* Stocks+CoreDataProperties.swift in Sources */ = {isa = PBXBuildFile; fileRef = 4C8A3A86208ECDA700EA46B8 /* Stocks+CoreDataProperties.swift */; };
		4C96420620929651004B6969 /* SRAppBar.swift in Sources */ = {isa = PBXBuildFile; fileRef = 4C96420520929651004B6969 /* SRAppBar.swift */; };
		4CA623702096AA3B0080E1D4 /* TriangleView.swift in Sources */ = {isa = PBXBuildFile; fileRef = 4CA6236F2096AA3B0080E1D4 /* TriangleView.swift */; };
		4CABBCEE2081EBBF009A414B /* StockDetailViewController.swift in Sources */ = {isa = PBXBuildFile; fileRef = 4CABBCED2081EBBF009A414B /* StockDetailViewController.swift */; };
		4CABBCF02081ED30009A414B /* StockDashboardViewController.swift in Sources */ = {isa = PBXBuildFile; fileRef = 4CABBCEF2081ED30009A414B /* StockDashboardViewController.swift */; };
		4CCB3C8E2081A38A006638C2 /* InitialScreen.swift in Sources */ = {isa = PBXBuildFile; fileRef = 4CCB3C8D2081A38A006638C2 /* InitialScreen.swift */; };
		4CCB3C902081A3B0006638C2 /* Main.storyboard in Resources */ = {isa = PBXBuildFile; fileRef = 4CCB3C8F2081A3B0006638C2 /* Main.storyboard */; };
		4CCB3C942081A438006638C2 /* GradientView.swift in Sources */ = {isa = PBXBuildFile; fileRef = 4CCB3C932081A438006638C2 /* GradientView.swift */; };
		4CCB3C962081A46C006638C2 /* Colors.swift in Sources */ = {isa = PBXBuildFile; fileRef = 4CCB3C952081A46C006638C2 /* Colors.swift */; };
		4CCB3C9A2081AABA006638C2 /* SRButton.swift in Sources */ = {isa = PBXBuildFile; fileRef = 4CCB3C992081AABA006638C2 /* SRButton.swift */; };
		4CCB3C9C2081ADCA006638C2 /* Fonts.swift in Sources */ = {isa = PBXBuildFile; fileRef = 4CCB3C9B2081ADCA006638C2 /* Fonts.swift */; };
/* End PBXBuildFile section */

/* Begin PBXFileReference section */
		4C13462520954EAF004E92DA /* SignUpViewController.swift */ = {isa = PBXFileReference; lastKnownFileType = sourcecode.swift; path = SignUpViewController.swift; sourceTree = "<group>"; };
		4C13462720955446004E92DA /* CellInterface.swift */ = {isa = PBXFileReference; lastKnownFileType = sourcecode.swift; path = CellInterface.swift; sourceTree = "<group>"; };
		4C13462C2095DBD7004E92DA /* AccountNameCell.swift */ = {isa = PBXFileReference; lastKnownFileType = sourcecode.swift; path = AccountNameCell.swift; sourceTree = "<group>"; };
		4C13462D2095DBD7004E92DA /* AccountNameCell.xib */ = {isa = PBXFileReference; lastKnownFileType = file.xib; path = AccountNameCell.xib; sourceTree = "<group>"; };
		4C1346312095F6A1004E92DA /* SRTextField.swift */ = {isa = PBXFileReference; lastKnownFileType = sourcecode.swift; path = SRTextField.swift; sourceTree = "<group>"; };
		4C1346342096A7CD004E92DA /* Onboarding.storyboard */ = {isa = PBXFileReference; lastKnownFileType = file.storyboard; path = Onboarding.storyboard; sourceTree = "<group>"; };
		4C1346362096A92C004E92DA /* OnboardingViewController.swift */ = {isa = PBXFileReference; lastKnownFileType = sourcecode.swift; path = OnboardingViewController.swift; sourceTree = "<group>"; };
		4C1DB42F208C28B100055409 /* NASDAQ.swift */ = {isa = PBXFileReference; lastKnownFileType = sourcecode.swift; path = NASDAQ.swift; sourceTree = "<group>"; };
		4C2394AB2075F114004AD4A2 /* StockRun.app */ = {isa = PBXFileReference; explicitFileType = wrapper.application; includeInIndex = 0; path = StockRun.app; sourceTree = BUILT_PRODUCTS_DIR; };
		4C2394AE2075F114004AD4A2 /* AppDelegate.swift */ = {isa = PBXFileReference; lastKnownFileType = sourcecode.swift; path = AppDelegate.swift; sourceTree = "<group>"; };
		4C2394B32075F114004AD4A2 /* Base */ = {isa = PBXFileReference; lastKnownFileType = file.storyboard; name = Base; path = Base.lproj/Dashboard.storyboard; sourceTree = "<group>"; };
		4C2394B62075F114004AD4A2 /* StockRun.xcdatamodel */ = {isa = PBXFileReference; lastKnownFileType = wrapper.xcdatamodel; path = StockRun.xcdatamodel; sourceTree = "<group>"; };
		4C2394B82075F114004AD4A2 /* Assets.xcassets */ = {isa = PBXFileReference; lastKnownFileType = folder.assetcatalog; path = Assets.xcassets; sourceTree = "<group>"; };
		4C2394BB2075F114004AD4A2 /* Base */ = {isa = PBXFileReference; lastKnownFileType = file.storyboard; name = Base; path = Base.lproj/LaunchScreen.storyboard; sourceTree = "<group>"; };
		4C2394BD2075F114004AD4A2 /* Info.plist */ = {isa = PBXFileReference; lastKnownFileType = text.plist.xml; path = Info.plist; sourceTree = "<group>"; };
		4C2394C32075F534004AD4A2 /* Stock.swift */ = {isa = PBXFileReference; lastKnownFileType = sourcecode.swift; path = Stock.swift; sourceTree = "<group>"; };
		4C2394C62075F7A4004AD4A2 /* DataSource.swift */ = {isa = PBXFileReference; lastKnownFileType = sourcecode.swift; path = DataSource.swift; sourceTree = "<group>"; };
		4C2394CC207B0CEF004AD4A2 /* GoogleService-Info.plist */ = {isa = PBXFileReference; fileEncoding = 4; lastKnownFileType = text.plist.xml; path = "GoogleService-Info.plist"; sourceTree = "<group>"; };
		4C3364C22098A05F00C26E2E /* .swiftlint.yml */ = {isa = PBXFileReference; fileEncoding = 4; lastKnownFileType = text; path = .swiftlint.yml; sourceTree = "<group>"; };
		4C3364C52098A0E800C26E2E /* Rules.md */ = {isa = PBXFileReference; lastKnownFileType = net.daringfireball.markdown; path = Rules.md; sourceTree = "<group>"; };
		4C672A13208C680B00C68A05 /* SRCell.swift */ = {isa = PBXFileReference; lastKnownFileType = sourcecode.swift; path = SRCell.swift; sourceTree = "<group>"; };
		4C672A14208C680B00C68A05 /* SRCell.xib */ = {isa = PBXFileReference; lastKnownFileType = file.xib; path = SRCell.xib; sourceTree = "<group>"; };
		4C683437208C533A00DF08F1 /* SearchViewController.swift */ = {isa = PBXFileReference; lastKnownFileType = sourcecode.swift; path = SearchViewController.swift; sourceTree = "<group>"; };
		4C8A3A78208D9C7500EA46B8 /* MapViewController.swift */ = {isa = PBXFileReference; lastKnownFileType = sourcecode.swift; path = MapViewController.swift; sourceTree = "<group>"; };
		4C8A3A7A208D9C9D00EA46B8 /* ProfileViewController.swift */ = {isa = PBXFileReference; lastKnownFileType = sourcecode.swift; path = ProfileViewController.swift; sourceTree = "<group>"; };
		4C8A3A81208ECD7400EA46B8 /* Profile+CoreDataProperties.swift */ = {isa = PBXFileReference; lastKnownFileType = sourcecode.swift; name = "Profile+CoreDataProperties.swift"; path = "/Users/michael/Code/StockRun/StockRun/Model/Profile+CoreDataProperties.swift"; sourceTree = "<absolute>"; };
		4C8A3A82208ECD7400EA46B8 /* Profile+CoreDataClass.swift */ = {isa = PBXFileReference; lastKnownFileType = sourcecode.swift; name = "Profile+CoreDataClass.swift"; path = "/Users/michael/Code/StockRun/StockRun/Model/Profile+CoreDataClass.swift"; sourceTree = "<absolute>"; };
		4C8A3A85208ECDA700EA46B8 /* Stocks+CoreDataClass.swift */ = {isa = PBXFileReference; fileEncoding = 4; lastKnownFileType = sourcecode.swift; name = "Stocks+CoreDataClass.swift"; path = "../../Stocks+CoreDataClass.swift"; sourceTree = "<group>"; };
		4C8A3A86208ECDA700EA46B8 /* Stocks+CoreDataProperties.swift */ = {isa = PBXFileReference; fileEncoding = 4; lastKnownFileType = sourcecode.swift; name = "Stocks+CoreDataProperties.swift"; path = "../../Stocks+CoreDataProperties.swift"; sourceTree = "<group>"; };
		4C96420520929651004B6969 /* SRAppBar.swift */ = {isa = PBXFileReference; lastKnownFileType = sourcecode.swift; path = SRAppBar.swift; sourceTree = "<group>"; };
		4CA6236F2096AA3B0080E1D4 /* TriangleView.swift */ = {isa = PBXFileReference; lastKnownFileType = sourcecode.swift; path = TriangleView.swift; sourceTree = "<group>"; };
		4CABBCED2081EBBF009A414B /* StockDetailViewController.swift */ = {isa = PBXFileReference; lastKnownFileType = sourcecode.swift; path = StockDetailViewController.swift; sourceTree = "<group>"; };
		4CABBCEF2081ED30009A414B /* StockDashboardViewController.swift */ = {isa = PBXFileReference; lastKnownFileType = sourcecode.swift; path = StockDashboardViewController.swift; sourceTree = "<group>"; };
		4CCB3C8D2081A38A006638C2 /* InitialScreen.swift */ = {isa = PBXFileReference; lastKnownFileType = sourcecode.swift; path = InitialScreen.swift; sourceTree = "<group>"; };
		4CCB3C8F2081A3B0006638C2 /* Main.storyboard */ = {isa = PBXFileReference; lastKnownFileType = file.storyboard; path = Main.storyboard; sourceTree = "<group>"; };
		4CCB3C932081A438006638C2 /* GradientView.swift */ = {isa = PBXFileReference; lastKnownFileType = sourcecode.swift; path = GradientView.swift; sourceTree = "<group>"; };
		4CCB3C952081A46C006638C2 /* Colors.swift */ = {isa = PBXFileReference; lastKnownFileType = sourcecode.swift; path = Colors.swift; sourceTree = "<group>"; };
		4CCB3C992081AABA006638C2 /* SRButton.swift */ = {isa = PBXFileReference; lastKnownFileType = sourcecode.swift; path = SRButton.swift; sourceTree = "<group>"; };
		4CCB3C9B2081ADCA006638C2 /* Fonts.swift */ = {isa = PBXFileReference; lastKnownFileType = sourcecode.swift; path = Fonts.swift; sourceTree = "<group>"; };
		6BF71298FB320271E51109DD /* Pods_StockRun.framework */ = {isa = PBXFileReference; explicitFileType = wrapper.framework; includeInIndex = 0; path = Pods_StockRun.framework; sourceTree = BUILT_PRODUCTS_DIR; };
		DEED448A494CC6C33F4DBD25 /* Pods-StockRun.release.xcconfig */ = {isa = PBXFileReference; includeInIndex = 1; lastKnownFileType = text.xcconfig; name = "Pods-StockRun.release.xcconfig"; path = "Pods/Target Support Files/Pods-StockRun/Pods-StockRun.release.xcconfig"; sourceTree = "<group>"; };
		ED20A317B1847213A0EA892E /* Pods-StockRun.debug.xcconfig */ = {isa = PBXFileReference; includeInIndex = 1; lastKnownFileType = text.xcconfig; name = "Pods-StockRun.debug.xcconfig"; path = "Pods/Target Support Files/Pods-StockRun/Pods-StockRun.debug.xcconfig"; sourceTree = "<group>"; };
/* End PBXFileReference section */

/* Begin PBXFrameworksBuildPhase section */
		4C2394A82075F114004AD4A2 /* Frameworks */ = {
			isa = PBXFrameworksBuildPhase;
			buildActionMask = 2147483647;
			files = (
				353DE7AD2AF831A91B579441 /* Pods_StockRun.framework in Frameworks */,
			);
			runOnlyForDeploymentPostprocessing = 0;
		};
/* End PBXFrameworksBuildPhase section */

/* Begin PBXGroup section */
		48E40410C3CC2BAA5B7960FA /* Frameworks */ = {
			isa = PBXGroup;
			children = (
				6BF71298FB320271E51109DD /* Pods_StockRun.framework */,
			);
			name = Frameworks;
			sourceTree = "<group>";
		};
		4C1346292095DB55004E92DA /* AccountCreateCells */ = {
			isa = PBXGroup;
			children = (
				4C13462C2095DBD7004E92DA /* AccountNameCell.swift */,
				4C13462D2095DBD7004E92DA /* AccountNameCell.xib */,
			);
			path = AccountCreateCells;
			sourceTree = "<group>";
		};
		4C1346302095F692004E92DA /* New Group */ = {
			isa = PBXGroup;
			children = (
				4C1346312095F6A1004E92DA /* SRTextField.swift */,
			);
			path = "New Group";
			sourceTree = "<group>";
		};
		4C1346332096A795004E92DA /* Onboarding */ = {
			isa = PBXGroup;
			children = (
				4C1346342096A7CD004E92DA /* Onboarding.storyboard */,
				4CA6236F2096AA3B0080E1D4 /* TriangleView.swift */,
				4C1346362096A92C004E92DA /* OnboardingViewController.swift */,
			);
			path = Onboarding;
			sourceTree = "<group>";
		};
		4C1DB42A208C282700055409 /* StockLookup */ = {
			isa = PBXGroup;
			children = (
				4C1DB42F208C28B100055409 /* NASDAQ.swift */,
			);
			path = StockLookup;
			sourceTree = "<group>";
		};
		4C2394A22075F114004AD4A2 = {
			isa = PBXGroup;
			children = (
				4C2394AD2075F114004AD4A2 /* StockRun */,
				4C2394AC2075F114004AD4A2 /* Products */,
				C221621D3D083C188D61982B /* Pods */,
				48E40410C3CC2BAA5B7960FA /* Frameworks */,
			);
			sourceTree = "<group>";
		};
		4C2394AC2075F114004AD4A2 /* Products */ = {
			isa = PBXGroup;
			children = (
				4C2394AB2075F114004AD4A2 /* StockRun.app */,
			);
			name = Products;
			sourceTree = "<group>";
		};
		4C2394AD2075F114004AD4A2 /* StockRun */ = {
			isa = PBXGroup;
			children = (
				4C3364C22098A05F00C26E2E /* .swiftlint.yml */,
				4C3364C52098A0E800C26E2E /* Rules.md */,
				4C2394AE2075F114004AD4A2 /* AppDelegate.swift */,
				4C2394CC207B0CEF004AD4A2 /* GoogleService-Info.plist */,
				4C8A3A80208ECCAA00EA46B8 /* Controllers */,
				4C1DB42A208C282700055409 /* StockLookup */,
				4C2394C52075F58F004AD4A2 /* Model */,
				4C2394B82075F114004AD4A2 /* Assets.xcassets */,
				4C2394BA2075F114004AD4A2 /* LaunchScreen.storyboard */,
				4C2394BD2075F114004AD4A2 /* Info.plist */,
				4C2394B52075F114004AD4A2 /* StockRun.xcdatamodeld */,
			);
			path = StockRun;
			sourceTree = "<group>";
		};
		4C2394C52075F58F004AD4A2 /* Model */ = {
			isa = PBXGroup;
			children = (
				4C8A3A85208ECDA700EA46B8 /* Stocks+CoreDataClass.swift */,
				4C8A3A86208ECDA700EA46B8 /* Stocks+CoreDataProperties.swift */,
				4C8A3A82208ECD7400EA46B8 /* Profile+CoreDataClass.swift */,
				4C8A3A81208ECD7400EA46B8 /* Profile+CoreDataProperties.swift */,
				4C2394C32075F534004AD4A2 /* Stock.swift */,
				4C2394C62075F7A4004AD4A2 /* DataSource.swift */,
			);
			path = Model;
			sourceTree = "<group>";
		};
		4C672A12208C67EA00C68A05 /* Cells */ = {
			isa = PBXGroup;
			children = (
				4C672A13208C680B00C68A05 /* SRCell.swift */,
				4C672A14208C680B00C68A05 /* SRCell.xib */,
				4C13462720955446004E92DA /* CellInterface.swift */,
			);
			path = Cells;
			sourceTree = "<group>";
		};
		4C8A3A80208ECCAA00EA46B8 /* Controllers */ = {
			isa = PBXGroup;
			children = (
				4CCB3C912081A420006638C2 /* UI */,
				4CABBCF12081EE01009A414B /* Dashboard */,
				4CCB3C8C2081A359006638C2 /* AccountCreate */,
			);
			path = Controllers;
			sourceTree = "<group>";
		};
		4C9642042092963C004B6969 /* AppBar */ = {
			isa = PBXGroup;
			children = (
				4C96420520929651004B6969 /* SRAppBar.swift */,
			);
			path = AppBar;
			sourceTree = "<group>";
		};
		4CABBCF12081EE01009A414B /* Dashboard */ = {
			isa = PBXGroup;
			children = (
				4CABBCED2081EBBF009A414B /* StockDetailViewController.swift */,
				4CABBCEF2081ED30009A414B /* StockDashboardViewController.swift */,
				4C683437208C533A00DF08F1 /* SearchViewController.swift */,
				4C8A3A78208D9C7500EA46B8 /* MapViewController.swift */,
				4C8A3A7A208D9C9D00EA46B8 /* ProfileViewController.swift */,
				4C2394B22075F114004AD4A2 /* Dashboard.storyboard */,
			);
			path = Dashboard;
			sourceTree = "<group>";
		};
		4CCB3C8C2081A359006638C2 /* AccountCreate */ = {
			isa = PBXGroup;
			children = (
				4C1346332096A795004E92DA /* Onboarding */,
				4C1346292095DB55004E92DA /* AccountCreateCells */,
				4CCB3C8D2081A38A006638C2 /* InitialScreen.swift */,
				4C13462520954EAF004E92DA /* SignUpViewController.swift */,
				4CCB3C8F2081A3B0006638C2 /* Main.storyboard */,
			);
			path = AccountCreate;
			sourceTree = "<group>";
		};
		4CCB3C912081A420006638C2 /* UI */ = {
			isa = PBXGroup;
			children = (
				4C1346302095F692004E92DA /* New Group */,
				4C9642042092963C004B6969 /* AppBar */,
				4C672A12208C67EA00C68A05 /* Cells */,
				4CCB3C9D2081ADD0006638C2 /* Fonts */,
				4CCB3C982081AA96006638C2 /* Labels */,
				4CCB3C972081AA8A006638C2 /* Buttons */,
				4CCB3C922081A429006638C2 /* Colors */,
			);
			path = UI;
			sourceTree = "<group>";
		};
		4CCB3C922081A429006638C2 /* Colors */ = {
			isa = PBXGroup;
			children = (
				4CCB3C932081A438006638C2 /* GradientView.swift */,
				4CCB3C952081A46C006638C2 /* Colors.swift */,
			);
			path = Colors;
			sourceTree = "<group>";
		};
		4CCB3C972081AA8A006638C2 /* Buttons */ = {
			isa = PBXGroup;
			children = (
				4CCB3C992081AABA006638C2 /* SRButton.swift */,
			);
			path = Buttons;
			sourceTree = "<group>";
		};
		4CCB3C982081AA96006638C2 /* Labels */ = {
			isa = PBXGroup;
			children = (
			);
			path = Labels;
			sourceTree = "<group>";
		};
		4CCB3C9D2081ADD0006638C2 /* Fonts */ = {
			isa = PBXGroup;
			children = (
				4CCB3C9B2081ADCA006638C2 /* Fonts.swift */,
			);
			path = Fonts;
			sourceTree = "<group>";
		};
		C221621D3D083C188D61982B /* Pods */ = {
			isa = PBXGroup;
			children = (
				ED20A317B1847213A0EA892E /* Pods-StockRun.debug.xcconfig */,
				DEED448A494CC6C33F4DBD25 /* Pods-StockRun.release.xcconfig */,
			);
			name = Pods;
			sourceTree = "<group>";
		};
/* End PBXGroup section */

/* Begin PBXNativeTarget section */
		4C2394AA2075F114004AD4A2 /* StockRun */ = {
			isa = PBXNativeTarget;
			buildConfigurationList = 4C2394C02075F114004AD4A2 /* Build configuration list for PBXNativeTarget "StockRun" */;
			buildPhases = (
				28CA5F07D612A5152A88EF21 /* [CP] Check Pods Manifest.lock */,
				4C2394A72075F114004AD4A2 /* Sources */,
				4C2394A82075F114004AD4A2 /* Frameworks */,
				4C2394A92075F114004AD4A2 /* Resources */,
				AF8D8BE5249FA1F0F255CA38 /* [CP] Embed Pods Frameworks */,
				905B3560E2138F87CEC38920 /* [CP] Copy Pods Resources */,
				4C3364C120989C5B00C26E2E /* ShellScript */,
			);
			buildRules = (
			);
			dependencies = (
			);
			name = StockRun;
			productName = StockRun;
			productReference = 4C2394AB2075F114004AD4A2 /* StockRun.app */;
			productType = "com.apple.product-type.application";
		};
/* End PBXNativeTarget section */

/* Begin PBXProject section */
		4C2394A32075F114004AD4A2 /* Project object */ = {
			isa = PBXProject;
			attributes = {
				LastSwiftUpdateCheck = 0920;
				LastUpgradeCheck = 0920;
				ORGANIZATIONNAME = "Michael Rojas";
				TargetAttributes = {
					4C2394AA2075F114004AD4A2 = {
						CreatedOnToolsVersion = 9.2;
						ProvisioningStyle = Automatic;
					};
				};
			};
			buildConfigurationList = 4C2394A62075F114004AD4A2 /* Build configuration list for PBXProject "StockRun" */;
			compatibilityVersion = "Xcode 8.0";
			developmentRegion = en;
			hasScannedForEncodings = 0;
			knownRegions = (
				en,
				Base,
			);
			mainGroup = 4C2394A22075F114004AD4A2;
			productRefGroup = 4C2394AC2075F114004AD4A2 /* Products */;
			projectDirPath = "";
			projectRoot = "";
			targets = (
				4C2394AA2075F114004AD4A2 /* StockRun */,
			);
		};
/* End PBXProject section */

/* Begin PBXResourcesBuildPhase section */
		4C2394A92075F114004AD4A2 /* Resources */ = {
			isa = PBXResourcesBuildPhase;
			buildActionMask = 2147483647;
			files = (
				4C3364C32098A05F00C26E2E /* .swiftlint.yml in Resources */,
				4C2394BC2075F114004AD4A2 /* LaunchScreen.storyboard in Resources */,
				4C2394CD207B0CEF004AD4A2 /* GoogleService-Info.plist in Resources */,
				4C672A16208C680B00C68A05 /* SRCell.xib in Resources */,
				4C13462F2095DBD7004E92DA /* AccountNameCell.xib in Resources */,
				4C2394B92075F114004AD4A2 /* Assets.xcassets in Resources */,
				4CCB3C902081A3B0006638C2 /* Main.storyboard in Resources */,
				4C2394B42075F114004AD4A2 /* Dashboard.storyboard in Resources */,
				4C1346352096A7CD004E92DA /* Onboarding.storyboard in Resources */,
			);
			runOnlyForDeploymentPostprocessing = 0;
		};
/* End PBXResourcesBuildPhase section */

/* Begin PBXShellScriptBuildPhase section */
		28CA5F07D612A5152A88EF21 /* [CP] Check Pods Manifest.lock */ = {
			isa = PBXShellScriptBuildPhase;
			buildActionMask = 2147483647;
			files = (
			);
			inputPaths = (
			);
			name = "[CP] Check Pods Manifest.lock";
			outputPaths = (
			);
			runOnlyForDeploymentPostprocessing = 0;
			shellPath = /bin/sh;
			shellScript = "diff \"${PODS_PODFILE_DIR_PATH}/Podfile.lock\" \"${PODS_ROOT}/Manifest.lock\" > /dev/null\nif [ $? != 0 ] ; then\n    # print error to STDERR\n    echo \"error: The sandbox is not in sync with the Podfile.lock. Run 'pod install' or update your CocoaPods installation.\" >&2\n    exit 1\nfi\n";
			showEnvVarsInLog = 0;
		};
		4C3364C120989C5B00C26E2E /* ShellScript */ = {
			isa = PBXShellScriptBuildPhase;
			buildActionMask = 2147483647;
			files = (
			);
			inputPaths = (
			);
			outputPaths = (
			);
			runOnlyForDeploymentPostprocessing = 0;
			shellPath = /bin/sh;
			shellScript = "\"${PODS_ROOT}/SwiftLint/swiftlint\"\n";
		};
		905B3560E2138F87CEC38920 /* [CP] Copy Pods Resources */ = {
			isa = PBXShellScriptBuildPhase;
			buildActionMask = 2147483647;
			files = (
			);
			inputPaths = (
			);
			name = "[CP] Copy Pods Resources";
			outputPaths = (
			);
			runOnlyForDeploymentPostprocessing = 0;
			shellPath = /bin/sh;
			shellScript = "\"${SRCROOT}/Pods/Target Support Files/Pods-StockRun/Pods-StockRun-resources.sh\"\n";
			showEnvVarsInLog = 0;
		};
		AF8D8BE5249FA1F0F255CA38 /* [CP] Embed Pods Frameworks */ = {
			isa = PBXShellScriptBuildPhase;
			buildActionMask = 2147483647;
			files = (
			);
			inputPaths = (
			);
			name = "[CP] Embed Pods Frameworks";
			outputPaths = (
			);
			runOnlyForDeploymentPostprocessing = 0;
			shellPath = /bin/sh;
			shellScript = "\"${SRCROOT}/Pods/Target Support Files/Pods-StockRun/Pods-StockRun-frameworks.sh\"\n";
			showEnvVarsInLog = 0;
		};
/* End PBXShellScriptBuildPhase section */

/* Begin PBXSourcesBuildPhase section */
		4C2394A72075F114004AD4A2 /* Sources */ = {
			isa = PBXSourcesBuildPhase;
			buildActionMask = 2147483647;
			files = (
				4C13462620954EAF004E92DA /* SignUpViewController.swift in Sources */,
				4CABBCEE2081EBBF009A414B /* StockDetailViewController.swift in Sources */,
				4C13462820955446004E92DA /* CellInterface.swift in Sources */,
				4CCB3C8E2081A38A006638C2 /* InitialScreen.swift in Sources */,
				4C2394AF2075F114004AD4A2 /* AppDelegate.swift in Sources */,
				4CABBCF02081ED30009A414B /* StockDashboardViewController.swift in Sources */,
				4C13462E2095DBD7004E92DA /* AccountNameCell.swift in Sources */,
				4CA623702096AA3B0080E1D4 /* TriangleView.swift in Sources */,
				4CCB3C9A2081AABA006638C2 /* SRButton.swift in Sources */,
				4C8A3A7B208D9C9D00EA46B8 /* ProfileViewController.swift in Sources */,
				4C2394C42075F534004AD4A2 /* Stock.swift in Sources */,
				4C1346322095F6A1004E92DA /* SRTextField.swift in Sources */,
				4C8A3A84208ECD7400EA46B8 /* Profile+CoreDataClass.swift in Sources */,
				4C8A3A88208ECDA700EA46B8 /* Stocks+CoreDataProperties.swift in Sources */,
				4C1346372096A92C004E92DA /* OnboardingViewController.swift in Sources */,
				4CCB3C962081A46C006638C2 /* Colors.swift in Sources */,
				4C8A3A83208ECD7400EA46B8 /* Profile+CoreDataProperties.swift in Sources */,
				4C2394C72075F7A4004AD4A2 /* DataSource.swift in Sources */,
				4C8A3A87208ECDA700EA46B8 /* Stocks+CoreDataClass.swift in Sources */,
				4C683438208C533A00DF08F1 /* SearchViewController.swift in Sources */,
				4C2394B72075F114004AD4A2 /* StockRun.xcdatamodeld in Sources */,
				4C672A15208C680B00C68A05 /* SRCell.swift in Sources */,
				4CCB3C9C2081ADCA006638C2 /* Fonts.swift in Sources */,
				4CCB3C942081A438006638C2 /* GradientView.swift in Sources */,
				4C1DB430208C28B100055409 /* NASDAQ.swift in Sources */,
				4C8A3A79208D9C7500EA46B8 /* MapViewController.swift in Sources */,
				4C96420620929651004B6969 /* SRAppBar.swift in Sources */,
			);
			runOnlyForDeploymentPostprocessing = 0;
		};
/* End PBXSourcesBuildPhase section */

/* Begin PBXVariantGroup section */
		4C2394B22075F114004AD4A2 /* Dashboard.storyboard */ = {
			isa = PBXVariantGroup;
			children = (
				4C2394B32075F114004AD4A2 /* Base */,
			);
			name = Dashboard.storyboard;
			sourceTree = "<group>";
		};
		4C2394BA2075F114004AD4A2 /* LaunchScreen.storyboard */ = {
			isa = PBXVariantGroup;
			children = (
				4C2394BB2075F114004AD4A2 /* Base */,
			);
			name = LaunchScreen.storyboard;
			sourceTree = "<group>";
		};
/* End PBXVariantGroup section */

/* Begin XCBuildConfiguration section */
		4C2394BE2075F114004AD4A2 /* Debug */ = {
			isa = XCBuildConfiguration;
			buildSettings = {
				ALWAYS_SEARCH_USER_PATHS = NO;
				CLANG_ANALYZER_NONNULL = YES;
				CLANG_ANALYZER_NUMBER_OBJECT_CONVERSION = YES_AGGRESSIVE;
				CLANG_CXX_LANGUAGE_STANDARD = "gnu++14";
				CLANG_CXX_LIBRARY = "libc++";
				CLANG_ENABLE_MODULES = YES;
				CLANG_ENABLE_OBJC_ARC = YES;
				CLANG_WARN_BLOCK_CAPTURE_AUTORELEASING = YES;
				CLANG_WARN_BOOL_CONVERSION = YES;
				CLANG_WARN_COMMA = YES;
				CLANG_WARN_CONSTANT_CONVERSION = YES;
				CLANG_WARN_DIRECT_OBJC_ISA_USAGE = YES_ERROR;
				CLANG_WARN_DOCUMENTATION_COMMENTS = YES;
				CLANG_WARN_EMPTY_BODY = YES;
				CLANG_WARN_ENUM_CONVERSION = YES;
				CLANG_WARN_INFINITE_RECURSION = YES;
				CLANG_WARN_INT_CONVERSION = YES;
				CLANG_WARN_NON_LITERAL_NULL_CONVERSION = YES;
				CLANG_WARN_OBJC_LITERAL_CONVERSION = YES;
				CLANG_WARN_OBJC_ROOT_CLASS = YES_ERROR;
				CLANG_WARN_RANGE_LOOP_ANALYSIS = YES;
				CLANG_WARN_STRICT_PROTOTYPES = YES;
				CLANG_WARN_SUSPICIOUS_MOVE = YES;
				CLANG_WARN_UNGUARDED_AVAILABILITY = YES_AGGRESSIVE;
				CLANG_WARN_UNREACHABLE_CODE = YES;
				CLANG_WARN__DUPLICATE_METHOD_MATCH = YES;
				CODE_SIGN_IDENTITY = "iPhone Developer";
				COPY_PHASE_STRIP = NO;
				DEBUG_INFORMATION_FORMAT = dwarf;
				ENABLE_STRICT_OBJC_MSGSEND = YES;
				ENABLE_TESTABILITY = YES;
				GCC_C_LANGUAGE_STANDARD = gnu11;
				GCC_DYNAMIC_NO_PIC = NO;
				GCC_NO_COMMON_BLOCKS = YES;
				GCC_OPTIMIZATION_LEVEL = 0;
				GCC_PREPROCESSOR_DEFINITIONS = (
					"DEBUG=1",
					"$(inherited)",
				);
				GCC_WARN_64_TO_32_BIT_CONVERSION = YES;
				GCC_WARN_ABOUT_RETURN_TYPE = YES_ERROR;
				GCC_WARN_UNDECLARED_SELECTOR = YES;
				GCC_WARN_UNINITIALIZED_AUTOS = YES_AGGRESSIVE;
				GCC_WARN_UNUSED_FUNCTION = YES;
				GCC_WARN_UNUSED_VARIABLE = YES;
				IPHONEOS_DEPLOYMENT_TARGET = 11.2;
				MTL_ENABLE_DEBUG_INFO = YES;
				ONLY_ACTIVE_ARCH = YES;
				SDKROOT = iphoneos;
				SWIFT_ACTIVE_COMPILATION_CONDITIONS = DEBUG;
				SWIFT_OPTIMIZATION_LEVEL = "-Onone";
			};
			name = Debug;
		};
		4C2394BF2075F114004AD4A2 /* Release */ = {
			isa = XCBuildConfiguration;
			buildSettings = {
				ALWAYS_SEARCH_USER_PATHS = NO;
				CLANG_ANALYZER_NONNULL = YES;
				CLANG_ANALYZER_NUMBER_OBJECT_CONVERSION = YES_AGGRESSIVE;
				CLANG_CXX_LANGUAGE_STANDARD = "gnu++14";
				CLANG_CXX_LIBRARY = "libc++";
				CLANG_ENABLE_MODULES = YES;
				CLANG_ENABLE_OBJC_ARC = YES;
				CLANG_WARN_BLOCK_CAPTURE_AUTORELEASING = YES;
				CLANG_WARN_BOOL_CONVERSION = YES;
				CLANG_WARN_COMMA = YES;
				CLANG_WARN_CONSTANT_CONVERSION = YES;
				CLANG_WARN_DIRECT_OBJC_ISA_USAGE = YES_ERROR;
				CLANG_WARN_DOCUMENTATION_COMMENTS = YES;
				CLANG_WARN_EMPTY_BODY = YES;
				CLANG_WARN_ENUM_CONVERSION = YES;
				CLANG_WARN_INFINITE_RECURSION = YES;
				CLANG_WARN_INT_CONVERSION = YES;
				CLANG_WARN_NON_LITERAL_NULL_CONVERSION = YES;
				CLANG_WARN_OBJC_LITERAL_CONVERSION = YES;
				CLANG_WARN_OBJC_ROOT_CLASS = YES_ERROR;
				CLANG_WARN_RANGE_LOOP_ANALYSIS = YES;
				CLANG_WARN_STRICT_PROTOTYPES = YES;
				CLANG_WARN_SUSPICIOUS_MOVE = YES;
				CLANG_WARN_UNGUARDED_AVAILABILITY = YES_AGGRESSIVE;
				CLANG_WARN_UNREACHABLE_CODE = YES;
				CLANG_WARN__DUPLICATE_METHOD_MATCH = YES;
				CODE_SIGN_IDENTITY = "iPhone Developer";
				COPY_PHASE_STRIP = NO;
				DEBUG_INFORMATION_FORMAT = "dwarf-with-dsym";
				ENABLE_NS_ASSERTIONS = NO;
				ENABLE_STRICT_OBJC_MSGSEND = YES;
				GCC_C_LANGUAGE_STANDARD = gnu11;
				GCC_NO_COMMON_BLOCKS = YES;
				GCC_WARN_64_TO_32_BIT_CONVERSION = YES;
				GCC_WARN_ABOUT_RETURN_TYPE = YES_ERROR;
				GCC_WARN_UNDECLARED_SELECTOR = YES;
				GCC_WARN_UNINITIALIZED_AUTOS = YES_AGGRESSIVE;
				GCC_WARN_UNUSED_FUNCTION = YES;
				GCC_WARN_UNUSED_VARIABLE = YES;
				IPHONEOS_DEPLOYMENT_TARGET = 11.2;
				MTL_ENABLE_DEBUG_INFO = NO;
				SDKROOT = iphoneos;
				SWIFT_OPTIMIZATION_LEVEL = "-Owholemodule";
				VALIDATE_PRODUCT = YES;
			};
			name = Release;
		};
		4C2394C12075F114004AD4A2 /* Debug */ = {
			isa = XCBuildConfiguration;
			baseConfigurationReference = ED20A317B1847213A0EA892E /* Pods-StockRun.debug.xcconfig */;
			buildSettings = {
				ASSETCATALOG_COMPILER_APPICON_NAME = AppIcon;
				CODE_SIGN_STYLE = Automatic;
				DEVELOPMENT_TEAM = YY9Z752ABD;
				INFOPLIST_FILE = StockRun/Info.plist;
				LD_RUNPATH_SEARCH_PATHS = "$(inherited) @executable_path/Frameworks";
				PRODUCT_BUNDLE_IDENTIFIER = com.michaelarojas.StockRun;
				PRODUCT_NAME = "$(TARGET_NAME)";
				SWIFT_VERSION = 4.0;
				TARGETED_DEVICE_FAMILY = "1,2";
			};
			name = Debug;
		};
		4C2394C22075F114004AD4A2 /* Release */ = {
			isa = XCBuildConfiguration;
			baseConfigurationReference = DEED448A494CC6C33F4DBD25 /* Pods-StockRun.release.xcconfig */;
			buildSettings = {
				ASSETCATALOG_COMPILER_APPICON_NAME = AppIcon;
				CODE_SIGN_STYLE = Automatic;
				DEVELOPMENT_TEAM = YY9Z752ABD;
				INFOPLIST_FILE = StockRun/Info.plist;
				LD_RUNPATH_SEARCH_PATHS = "$(inherited) @executable_path/Frameworks";
				PRODUCT_BUNDLE_IDENTIFIER = com.michaelarojas.StockRun;
				PRODUCT_NAME = "$(TARGET_NAME)";
				SWIFT_VERSION = 4.0;
				TARGETED_DEVICE_FAMILY = "1,2";
			};
			name = Release;
		};
/* End XCBuildConfiguration section */

/* Begin XCConfigurationList section */
		4C2394A62075F114004AD4A2 /* Build configuration list for PBXProject "StockRun" */ = {
			isa = XCConfigurationList;
			buildConfigurations = (
				4C2394BE2075F114004AD4A2 /* Debug */,
				4C2394BF2075F114004AD4A2 /* Release */,
			);
			defaultConfigurationIsVisible = 0;
			defaultConfigurationName = Release;
		};
		4C2394C02075F114004AD4A2 /* Build configuration list for PBXNativeTarget "StockRun" */ = {
			isa = XCConfigurationList;
			buildConfigurations = (
				4C2394C12075F114004AD4A2 /* Debug */,
				4C2394C22075F114004AD4A2 /* Release */,
			);
			defaultConfigurationIsVisible = 0;
			defaultConfigurationName = Release;
		};
/* End XCConfigurationList section */

/* Begin XCVersionGroup section */
		4C2394B52075F114004AD4A2 /* StockRun.xcdatamodeld */ = {
			isa = XCVersionGroup;
			children = (
				4C2394B62075F114004AD4A2 /* StockRun.xcdatamodel */,
			);
			currentVersion = 4C2394B62075F114004AD4A2 /* StockRun.xcdatamodel */;
			path = StockRun.xcdatamodeld;
			sourceTree = "<group>";
			versionGroupType = wrapper.xcdatamodel;
		};
/* End XCVersionGroup section */
	};
	rootObject = 4C2394A32075F114004AD4A2 /* Project object */;
}
